{
    "_meta": {
        "hash": {
            "sha256": "5b32ab96b477ef1756d17d844ab90eff70be18f56660594ea9e1d9859bbe1b0d"
        },
        "pipfile-spec": 6,
        "requires": {
            "python_version": "3.8"
        },
        "sources": [
            {
                "name": "pypi",
                "url": "https://pypi.org/simple",
                "verify_ssl": true
            }
        ]
    },
    "default": {
        "dearpygui": {
            "hashes": [
                "sha256:01641ca8b65ae80d8b83300aa61e14505709bdf4b3384480ccd56b6c49ea8f89",
                "sha256:0518505a81174e1b4de5525bf9664d6def1232c88dfda842853a1a8cf2cecd28",
                "sha256:083c61419d0b8a87caff9338ba058be9468f41afb02b7c0184e1d426db18d376",
                "sha256:431e7a4e5ded86bc2822e72d8f2701d66c943d07d32121064a35426fd3f57efc",
                "sha256:513f012182170954f55013cd5bc702f58dbc7cdfcec7a11a47247044096f7889",
                "sha256:68c664b609c9cd87feea6d93cb44453cc54992be28e278fa1a82062cbbc0b53b",
                "sha256:85f39fb21071cf49ebed3389cdb7e4dbe40ef2e0ccc61c51a74e6042c0c2eada",
                "sha256:9616efc1d2205f8211d2b14a1d9cb79a3736a184c4357e77d9f8804039152cf5",
                "sha256:a1ec93d63efbbee0fb4e6863a679e7ea6f0ad592119e562cef6e2c8c93e17971",
                "sha256:e16fb825122a465049f0e16445903c6984d440bd37471ab2fb67e207bdf4dee1",
                "sha256:e48260f211a1c6085190e0a8d2bab7b8b94193f25547636ea5cebfbfbeed7c82",
                "sha256:f0b906c7005c595c831988596079c040540d5f68c4265141b9dbb58abe7df644",
                "sha256:f929734485e9e8325ef90d0d2a937cafe44f515c6e00d6dfe6421df1edd782ea",
                "sha256:ff5e6d5e480ba629d6038e2b4c08ebb86d85dffce29633abc45dbe0b7dd1452a"
            ],
            "index": "pypi",
            "version": "==1.7.1"
        }
    },
    "develop": {}
}
